// !$*UTF8*$!
{
	archiveVersion = 1;
	classes = {
	};
	objectVersion = 46;
	objects = {

/* Begin PBXBuildFile section */
		14727FBB16F8F0BE00605B26 /* UIKit.framework in Frameworks */ = {isa = PBXBuildFile; fileRef = 14727FBA16F8F0BE00605B26 /* UIKit.framework */; };
		14727FBD16F8F0BE00605B26 /* Foundation.framework in Frameworks */ = {isa = PBXBuildFile; fileRef = 14727FBC16F8F0BE00605B26 /* Foundation.framework */; };
		14727FBF16F8F0BE00605B26 /* CoreGraphics.framework in Frameworks */ = {isa = PBXBuildFile; fileRef = 14727FBE16F8F0BE00605B26 /* CoreGraphics.framework */; };
		14727FC516F8F0BE00605B26 /* InfoPlist.strings in Resources */ = {isa = PBXBuildFile; fileRef = 14727FC316F8F0BE00605B26 /* InfoPlist.strings */; };
		14727FC716F8F0BE00605B26 /* main.m in Sources */ = {isa = PBXBuildFile; fileRef = 14727FC616F8F0BE00605B26 /* main.m */; };
		14727FCB16F8F0BE00605B26 /* ProTablesAppDelegate.m in Sources */ = {isa = PBXBuildFile; fileRef = 14727FCA16F8F0BE00605B26 /* ProTablesAppDelegate.m */; };
		14727FCD16F8F0BE00605B26 /* Default.png in Resources */ = {isa = PBXBuildFile; fileRef = 14727FCC16F8F0BE00605B26 /* Default.png */; };
		14727FCF16F8F0BE00605B26 /* Default@2x.png in Resources */ = {isa = PBXBuildFile; fileRef = 14727FCE16F8F0BE00605B26 /* Default@2x.png */; };
		14727FD116F8F0BE00605B26 /* Default-568h@2x.png in Resources */ = {isa = PBXBuildFile; fileRef = 14727FD016F8F0BE00605B26 /* Default-568h@2x.png */; };
/* End PBXBuildFile section */

/* Begin PBXFileReference section */
		14727FB716F8F0BE00605B26 /* iOSProTables.app */ = {isa = PBXFileReference; explicitFileType = wrapper.application; includeInIndex = 0; path = iOSProTables.app; sourceTree = BUILT_PRODUCTS_DIR; };
		14727FBA16F8F0BE00605B26 /* UIKit.framework */ = {isa = PBXFileReference; lastKnownFileType = wrapper.framework; name = UIKit.framework; path = System/Library/Frameworks/UIKit.framework; sourceTree = SDKROOT; };
		14727FBC16F8F0BE00605B26 /* Foundation.framework */ = {isa = PBXFileReference; lastKnownFileType = wrapper.framework; name = Foundation.framework; path = System/Library/Frameworks/Foundation.framework; sourceTree = SDKROOT; };
		14727FBE16F8F0BE00605B26 /* CoreGraphics.framework */ = {isa = PBXFileReference; lastKnownFileType = wrapper.framework; name = CoreGraphics.framework; path = System/Library/Frameworks/CoreGraphics.framework; sourceTree = SDKROOT; };
		14727FC216F8F0BE00605B26 /* iOSProTables-Info.plist */ = {isa = PBXFileReference; lastKnownFileType = text.plist.xml; path = "iOSProTables-Info.plist"; sourceTree = "<group>"; };
		14727FC416F8F0BE00605B26 /* en */ = {isa = PBXFileReference; lastKnownFileType = text.plist.strings; name = en; path = en.lproj/InfoPlist.strings; sourceTree = "<group>"; };
		14727FC616F8F0BE00605B26 /* main.m */ = {isa = PBXFileReference; lastKnownFileType = sourcecode.c.objc; path = main.m; sourceTree = "<group>"; };
		14727FC816F8F0BE00605B26 /* iOSProTables-Prefix.pch */ = {isa = PBXFileReference; lastKnownFileType = sourcecode.c.h; path = "iOSProTables-Prefix.pch"; sourceTree = "<group>"; };
		14727FC916F8F0BE00605B26 /* ProTablesAppDelegate.h */ = {isa = PBXFileReference; lastKnownFileType = sourcecode.c.h; path = ProTablesAppDelegate.h; sourceTree = "<group>"; };
		14727FCA16F8F0BE00605B26 /* ProTablesAppDelegate.m */ = {isa = PBXFileReference; lastKnownFileType = sourcecode.c.objc; path = ProTablesAppDelegate.m; sourceTree = "<group>"; };
		14727FCC16F8F0BE00605B26 /* Default.png */ = {isa = PBXFileReference; lastKnownFileType = image.png; path = Default.png; sourceTree = "<group>"; };
		14727FCE16F8F0BE00605B26 /* Default@2x.png */ = {isa = PBXFileReference; lastKnownFileType = image.png; path = "Default@2x.png"; sourceTree = "<group>"; };
		14727FD016F8F0BE00605B26 /* Default-568h@2x.png */ = {isa = PBXFileReference; lastKnownFileType = image.png; path = "Default-568h@2x.png"; sourceTree = "<group>"; };
/* End PBXFileReference section */

/* Begin PBXFrameworksBuildPhase section */
		14727FB416F8F0BD00605B26 /* Frameworks */ = {
			isa = PBXFrameworksBuildPhase;
			buildActionMask = 2147483647;
			files = (
				14727FBB16F8F0BE00605B26 /* UIKit.framework in Frameworks */,
				14727FBD16F8F0BE00605B26 /* Foundation.framework in Frameworks */,
				14727FBF16F8F0BE00605B26 /* CoreGraphics.framework in Frameworks */,
			);
			runOnlyForDeploymentPostprocessing = 0;
		};
/* End PBXFrameworksBuildPhase section */

/* Begin PBXGroup section */
		14727FAE16F8F0BD00605B26 = {
			isa = PBXGroup;
			children = (
				14727FC016F8F0BE00605B26 /* iOSProTables */,
				14727FB916F8F0BE00605B26 /* Frameworks */,
				14727FB816F8F0BE00605B26 /* Products */,
			);
			sourceTree = "<group>";
		};
		14727FB816F8F0BE00605B26 /* Products */ = {
			isa = PBXGroup;
			children = (
				14727FB716F8F0BE00605B26 /* iOSProTables.app */,
			);
			name = Products;
			sourceTree = "<group>";
		};
		14727FB916F8F0BE00605B26 /* Frameworks */ = {
			isa = PBXGroup;
			children = (
				14727FBA16F8F0BE00605B26 /* UIKit.framework */,
				14727FBC16F8F0BE00605B26 /* Foundation.framework */,
				14727FBE16F8F0BE00605B26 /* CoreGraphics.framework */,
			);
			name = Frameworks;
			sourceTree = "<group>";
		};
		14727FC016F8F0BE00605B26 /* iOSProTables */ = {
			isa = PBXGroup;
			children = (
				14727FC916F8F0BE00605B26 /* ProTablesAppDelegate.h */,
				14727FCA16F8F0BE00605B26 /* ProTablesAppDelegate.m */,
				14727FC116F8F0BE00605B26 /* Supporting Files */,
			);
			path = iOSProTables;
			sourceTree = "<group>";
		};
		14727FC116F8F0BE00605B26 /* Supporting Files */ = {
			isa = PBXGroup;
			children = (
				14727FC216F8F0BE00605B26 /* iOSProTables-Info.plist */,
				14727FC316F8F0BE00605B26 /* InfoPlist.strings */,
				14727FC616F8F0BE00605B26 /* main.m */,
				14727FC816F8F0BE00605B26 /* iOSProTables-Prefix.pch */,
				14727FCC16F8F0BE00605B26 /* Default.png */,
				14727FCE16F8F0BE00605B26 /* Default@2x.png */,
				14727FD016F8F0BE00605B26 /* Default-568h@2x.png */,
			);
			name = "Supporting Files";
			sourceTree = "<group>";
		};
/* End PBXGroup section */

/* Begin PBXNativeTarget section */
		14727FB616F8F0BD00605B26 /* iOSProTables */ = {
			isa = PBXNativeTarget;
			buildConfigurationList = 14727FD416F8F0BE00605B26 /* Build configuration list for PBXNativeTarget "iOSProTables" */;
			buildPhases = (
				14727FB316F8F0BD00605B26 /* Sources */,
				14727FB416F8F0BD00605B26 /* Frameworks */,
				14727FB516F8F0BD00605B26 /* Resources */,
			);
			buildRules = (
			);
			dependencies = (
			);
			name = iOSProTables;
			productName = iOSProTables;
			productReference = 14727FB716F8F0BE00605B26 /* iOSProTables.app */;
			productType = "com.apple.product-type.application";
		};
/* End PBXNativeTarget section */

/* Begin PBXProject section */
		14727FAF16F8F0BD00605B26 /* Project object */ = {
			isa = PBXProject;
			attributes = {
				CLASSPREFIX = ProTables;
				LastUpgradeCheck = 0460;
				ORGANIZATIONNAME = "Deepak Subramanian";
			};
			buildConfigurationList = 14727FB216F8F0BD00605B26 /* Build configuration list for PBXProject "iOSProTables" */;
			compatibilityVersion = "Xcode 3.2";
			developmentRegion = English;
			hasScannedForEncodings = 0;
			knownRegions = (
				en,
			);
			mainGroup = 14727FAE16F8F0BD00605B26;
			productRefGroup = 14727FB816F8F0BE00605B26 /* Products */;
			projectDirPath = "";
			projectRoot = "";
			targets = (
				14727FB616F8F0BD00605B26 /* iOSProTables */,
			);
		};
/* End PBXProject section */

/* Begin PBXResourcesBuildPhase section */
		14727FB516F8F0BD00605B26 /* Resources */ = {
			isa = PBXResourcesBuildPhase;
			buildActionMask = 2147483647;
			files = (
				14727FC516F8F0BE00605B26 /* InfoPlist.strings in Resources */,
				14727FCD16F8F0BE00605B26 /* Default.png in Resources */,
				14727FCF16F8F0BE00605B26 /* Default@2x.png in Resources */,
				14727FD116F8F0BE00605B26 /* Default-568h@2x.png in Resources */,
			);
			runOnlyForDeploymentPostprocessing = 0;
		};
/* End PBXResourcesBuildPhase section */

/* Begin PBXSourcesBuildPhase section */
		14727FB316F8F0BD00605B26 /* Sources */ = {
			isa = PBXSourcesBuildPhase;
			buildActionMask = 2147483647;
			files = (
				14727FC716F8F0BE00605B26 /* main.m in Sources */,
				14727FCB16F8F0BE00605B26 /* ProTablesAppDelegate.m in Sources */,
			);
			runOnlyForDeploymentPostprocessing = 0;
		};
/* End PBXSourcesBuildPhase section */

/* Begin PBXVariantGroup section */
		14727FC316F8F0BE00605B26 /* InfoPlist.strings */ = {
			isa = PBXVariantGroup;
			children = (
				14727FC416F8F0BE00605B26 /* en */,
			);
			name = InfoPlist.strings;
			sourceTree = "<group>";
		};
/* End PBXVariantGroup section */

/* Begin XCBuildConfiguration section */
		14727FD216F8F0BE00605B26 /* Debug */ = {
			isa = XCBuildConfiguration;
			buildSettings = {
				ALWAYS_SEARCH_USER_PATHS = NO;
				CLANG_CXX_LANGUAGE_STANDARD = "gnu++0x";
				CLANG_CXX_LIBRARY = "libc++";
				CLANG_WARN_CONSTANT_CONVERSION = YES;
				CLANG_WARN_EMPTY_BODY = YES;
				CLANG_WARN_ENUM_CONVERSION = YES;
				CLANG_WARN_INT_CONVERSION = YES;
				CLANG_WARN__DUPLICATE_METHOD_MATCH = YES;
				"CODE_SIGN_IDENTITY[sdk=iphoneos*]" = "iPhone Developer";
				COPY_PHASE_STRIP = NO;
				GCC_C_LANGUAGE_STANDARD = gnu99;
				GCC_DYNAMIC_NO_PIC = NO;
				GCC_OPTIMIZATION_LEVEL = 0;
				GCC_PREPROCESSOR_DEFINITIONS = (
					"DEBUG=1",
					"$(inherited)",
				);
				GCC_SYMBOLS_PRIVATE_EXTERN = NO;
				GCC_WARN_ABOUT_RETURN_TYPE = YES;
				GCC_WARN_UNINITIALIZED_AUTOS = YES;
				GCC_WARN_UNUSED_VARIABLE = YES;
				IPHONEOS_DEPLOYMENT_TARGET = 6.1;
				ONLY_ACTIVE_ARCH = YES;
				SDKROOT = iphoneos;
				TARGETED_DEVICE_FAMILY = "1,2";
			};
			name = Debug;
		};
		14727FD316F8F0BE00605B26 /* Release */ = {
			isa = XCBuildConfiguration;
			buildSettings = {
				ALWAYS_SEARCH_USER_PATHS = NO;
				CLANG_CXX_LANGUAGE_STANDARD = "gnu++0x";
				CLANG_CXX_LIBRARY = "libc++";
				CLANG_WARN_CONSTANT_CONVERSION = YES;
				CLANG_WARN_EMPTY_BODY = YES;
				CLANG_WARN_ENUM_CONVERSION = YES;
				CLANG_WARN_INT_CONVERSION = YES;
				CLANG_WARN__DUPLICATE_METHOD_MATCH = YES;
				"CODE_SIGN_IDENTITY[sdk=iphoneos*]" = "iPhone Developer";
				COPY_PHASE_STRIP = YES;
				GCC_C_LANGUAGE_STANDARD = gnu99;
				GCC_WARN_ABOUT_RETURN_TYPE = YES;
				GCC_WARN_UNINITIALIZED_AUTOS = YES;
				GCC_WARN_UNUSED_VARIABLE = YES;
				IPHONEOS_DEPLOYMENT_TARGET = 6.1;
				OTHER_CFLAGS = "-DNS_BLOCK_ASSERTIONS=1";
				SDKROOT = iphoneos;
				TARGETED_DEVICE_FAMILY = "1,2";
				VALIDATE_PRODUCT = YES;
			};
			name = Release;
		};
		14727FD516F8F0BE00605B26 /* Debug */ = {
			isa = XCBuildConfiguration;
			buildSettings = {
				GCC_PRECOMPILE_PREFIX_HEADER = YES;
				GCC_PREFIX_HEADER = "iOSProTables/iOSProTables-Prefix.pch";
				INFOPLIST_FILE = "iOSProTables/iOSProTables-Info.plist";
				PRODUCT_NAME = "$(TARGET_NAME)";
				WRAPPER_EXTENSION = app;
			};
			name = Debug;
		};
		14727FD616F8F0BE00605B26 /* Release */ = {
			isa = XCBuildConfiguration;
			buildSettings = {
				GCC_PRECOMPILE_PREFIX_HEADER = YES;
				GCC_PREFIX_HEADER = "iOSProTables/iOSProTables-Prefix.pch";
				INFOPLIST_FILE = "iOSProTables/iOSProTables-Info.plist";
				PRODUCT_NAME = "$(TARGET_NAME)";
				WRAPPER_EXTENSION = app;
			};
			name = Release;
		};
/* End XCBuildConfiguration section */

/* Begin XCConfigurationList section */
		14727FB216F8F0BD00605B26 /* Build configuration list for PBXProject "iOSProTables" */ = {
			isa = XCConfigurationList;
			buildConfigurations = (
				14727FD216F8F0BE00605B26 /* Debug */,
				14727FD316F8F0BE00605B26 /* Release */,
			);
			defaultConfigurationIsVisible = 0;
			defaultConfigurationName = Release;
		};
		14727FD416F8F0BE00605B26 /* Build configuration list for PBXNativeTarget "iOSProTables" */ = {
			isa = XCConfigurationList;
			buildConfigurations = (
				14727FD516F8F0BE00605B26 /* Debug */,
				14727FD616F8F0BE00605B26 /* Release */,
			);
			defaultConfigurationIsVisible = 0;
		};
/* End XCConfigurationList section */
	};
	rootObject = 14727FAF16F8F0BD00605B26 /* Project object */;
}
